{
  "originHash" : "70a55ff379b24902b6542c188fbac85970978b278c9d420aec8cdb77780a6d51",
  "pins" : [
    {
      "identity" : "charts?source=post_page-----f01cd2e0ffc5---------------------------------------",
      "kind" : "remoteSourceControl",
      "location" : "https://github.com/ChartsOrg/Charts?source=post_page-----f01cd2e0ffc5---------------------------------------",
      "state" : {
        "revision" : "dd9c72e3d7e751e769971092a6bd72d39198ae63",
        "version" : "5.1.0"
      }
    },
    {
      "identity" : "realm-core",
      "kind" : "remoteSourceControl",
      "location" : "https://github.com/realm/realm-core.git",
      "state" : {
        "revision" : "cccb3ca9e26ec452a29f2f0d4050d1e38b8a3d43",
        "version" : "14.14.0"
      }
    },
    {
      "identity" : "realm-swift",
      "kind" : "remoteSourceControl",
      "location" : "https://github.com/realm/realm-swift.git",
      "state" : {
        "branch" : "master",
        "revision" : "c22f9303d446fc3c044e4c151ed19597464b6bd7"
      }
    }
  ],
  "version" : 3
}
